
Microsoft Visual Studio Solution File, Format Version 11.00
# Visual C# Express 2010
Project("{FAE04EC0-301F-11D3-BF4B-00C04F79EFBC}") = "WindowsGame1", "WindowsGame1\WindowsGame1\WindowsGame1.csproj", "{56C468DD-1D7D-44F6-9D61-38982ECFF79B}"
EndProject
Project("{FAE04EC0-301F-11D3-BF4B-00C04F79EFBC}") = "WindowsGame1Content", "WindowsGame1\WindowsGame1Content\WindowsGame1Content.contentproj", "{AD7C00E6-DCB8-4A70-8F76-BE821D65B75B}"
EndProject
Global
	GlobalSection(SolutionConfigurationPlatforms) = preSolution
		Debug|x86 = Debug|x86
		Release|x86 = Release|x86
	EndGlobalSection
	GlobalSection(ProjectConfigurationPlatforms) = postSolution
		{56C468DD-1D7D-44F6-9D61-38982ECFF79B}.Debug|x86.ActiveCfg = Debug|x86
		{56C468DD-1D7D-44F6-9D61-38982ECFF79B}.Debug|x86.Build.0 = Debug|x86
		{56C468DD-1D7D-44F6-9D61-38982ECFF79B}.Release|x86.ActiveCfg = Release|x86
		{56C468DD-1D7D-44F6-9D61-38982ECFF79B}.Release|x86.Build.0 = Release|x86
		{AD7C00E6-DCB8-4A70-8F76-BE821D65B75B}.Debug|x86.ActiveCfg = Debug|x86
		{AD7C00E6-DCB8-4A70-8F76-BE821D65B75B}.Release|x86.ActiveCfg = Release|x86
	EndGlobalSection
	GlobalSection(SolutionProperties) = preSolution
		HideSolutionNode = FALSE
	EndGlobalSection
EndGlobal
